// !$*UTF8*$!
{
	archiveVersion = 1;
	classes = {
	};
	objectVersion = 46;
	objects = {

/* Begin PBXBuildFile section */
		C9364B701C3C185600A928CC /* HomeViewController.swift in Sources */ = {isa = PBXBuildFile; fileRef = C9364B6F1C3C185600A928CC /* HomeViewController.swift */; };
		C95840BD1C3EF5BB0093A1C5 /* RenderingParams.swift in Sources */ = {isa = PBXBuildFile; fileRef = C95840BC1C3EF5BB0093A1C5 /* RenderingParams.swift */; };
		C95840BF1C3EF5D70093A1C5 /* TileParams.swift in Sources */ = {isa = PBXBuildFile; fileRef = C95840BE1C3EF5D70093A1C5 /* TileParams.swift */; };
		C95840C11C3EF6020093A1C5 /* GameRenderer.swift in Sources */ = {isa = PBXBuildFile; fileRef = C95840C01C3EF6020093A1C5 /* GameRenderer.swift */; };
		C95840C31C3EF6210093A1C5 /* TileGenerator.swift in Sources */ = {isa = PBXBuildFile; fileRef = C95840C21C3EF6210093A1C5 /* TileGenerator.swift */; };
		C95840C51C3EF6540093A1C5 /* Tile.swift in Sources */ = {isa = PBXBuildFile; fileRef = C95840C41C3EF6540093A1C5 /* Tile.swift */; };
		C95840C71C3EF6670093A1C5 /* ZeroTile.swift in Sources */ = {isa = PBXBuildFile; fileRef = C95840C61C3EF6670093A1C5 /* ZeroTile.swift */; };
		C95840C91C3EF6790093A1C5 /* BorderTile.swift in Sources */ = {isa = PBXBuildFile; fileRef = C95840C81C3EF6790093A1C5 /* BorderTile.swift */; };
		C95840CB1C3EF6870093A1C5 /* EmptyTile.swift in Sources */ = {isa = PBXBuildFile; fileRef = C95840CA1C3EF6870093A1C5 /* EmptyTile.swift */; };
		C95840CD1C3EF6950093A1C5 /* PlaceholderTile.swift in Sources */ = {isa = PBXBuildFile; fileRef = C95840CC1C3EF6950093A1C5 /* PlaceholderTile.swift */; };
		C95840CF1C3EF6A40093A1C5 /* NonEmptyTile.swift in Sources */ = {isa = PBXBuildFile; fileRef = C95840CE1C3EF6A40093A1C5 /* NonEmptyTile.swift */; };
		C95840D11C3EF6B20093A1C5 /* PathItem.swift in Sources */ = {isa = PBXBuildFile; fileRef = C95840D01C3EF6B20093A1C5 /* PathItem.swift */; };
		C95840D31C3EF6C20093A1C5 /* Path.swift in Sources */ = {isa = PBXBuildFile; fileRef = C95840D21C3EF6C20093A1C5 /* Path.swift */; };
		C95840D51C3EF6D50093A1C5 /* Field.swift in Sources */ = {isa = PBXBuildFile; fileRef = C95840D41C3EF6D50093A1C5 /* Field.swift */; };
		C95840D71C3EF6E50093A1C5 /* GameError.swift in Sources */ = {isa = PBXBuildFile; fileRef = C95840D61C3EF6E50093A1C5 /* GameError.swift */; };
		C95840D91C3EF6F60093A1C5 /* Game.swift in Sources */ = {isa = PBXBuildFile; fileRef = C95840D81C3EF6F60093A1C5 /* Game.swift */; };
		C97F026C1C3ECB8D00574DA8 /* EntanglementModels.xcdatamodeld in Sources */ = {isa = PBXBuildFile; fileRef = C97F026A1C3ECB8D00574DA8 /* EntanglementModels.xcdatamodeld */; };
		C97F026E1C3ED37D00574DA8 /* LeaderboardTableViewCell.swift in Sources */ = {isa = PBXBuildFile; fileRef = C97F026D1C3ED37D00574DA8 /* LeaderboardTableViewCell.swift */; };
		C98C11281C516E19009F4CBA /* Localizable.strings in Resources */ = {isa = PBXBuildFile; fileRef = C98C112A1C516E19009F4CBA /* Localizable.strings */; };
		C9DA28B61C3970EE00CEF157 /* AppDelegate.swift in Sources */ = {isa = PBXBuildFile; fileRef = C9DA28B51C3970EE00CEF157 /* AppDelegate.swift */; };
		C9DA28BC1C3970EE00CEF157 /* GameViewController.swift in Sources */ = {isa = PBXBuildFile; fileRef = C9DA28BB1C3970EE00CEF157 /* GameViewController.swift */; };
		C9DA28BF1C3970EE00CEF157 /* Main.storyboard in Resources */ = {isa = PBXBuildFile; fileRef = C9DA28BD1C3970EE00CEF157 /* Main.storyboard */; };
		C9DA28C11C3970EE00CEF157 /* Assets.xcassets in Resources */ = {isa = PBXBuildFile; fileRef = C9DA28C01C3970EE00CEF157 /* Assets.xcassets */; };
		C9DA28C41C3970EE00CEF157 /* LaunchScreen.storyboard in Resources */ = {isa = PBXBuildFile; fileRef = C9DA28C21C3970EE00CEF157 /* LaunchScreen.storyboard */; };
		D6DB8DA332BC2068F7340FFB /* Pods.framework in Frameworks */ = {isa = PBXBuildFile; fileRef = 37E0A8440C74125500446CEC /* Pods.framework */; };
/* End PBXBuildFile section */

/* Begin PBXFileReference section */
		37E0A8440C74125500446CEC /* Pods.framework */ = {isa = PBXFileReference; explicitFileType = wrapper.framework; includeInIndex = 0; path = Pods.framework; sourceTree = BUILT_PRODUCTS_DIR; };
		B67D14BCB04DB7F37ADCBF96 /* Pods.debug.xcconfig */ = {isa = PBXFileReference; includeInIndex = 1; lastKnownFileType = text.xcconfig; name = Pods.debug.xcconfig; path = "Pods/Target Support Files/Pods/Pods.debug.xcconfig"; sourceTree = "<group>"; };
		C9364B6F1C3C185600A928CC /* HomeViewController.swift */ = {isa = PBXFileReference; fileEncoding = 4; lastKnownFileType = sourcecode.swift; path = HomeViewController.swift; sourceTree = "<group>"; };
		C95840BC1C3EF5BB0093A1C5 /* RenderingParams.swift */ = {isa = PBXFileReference; fileEncoding = 4; lastKnownFileType = sourcecode.swift; path = RenderingParams.swift; sourceTree = "<group>"; };
		C95840BE1C3EF5D70093A1C5 /* TileParams.swift */ = {isa = PBXFileReference; fileEncoding = 4; lastKnownFileType = sourcecode.swift; path = TileParams.swift; sourceTree = "<group>"; };
		C95840C01C3EF6020093A1C5 /* GameRenderer.swift */ = {isa = PBXFileReference; fileEncoding = 4; lastKnownFileType = sourcecode.swift; path = GameRenderer.swift; sourceTree = "<group>"; };
		C95840C21C3EF6210093A1C5 /* TileGenerator.swift */ = {isa = PBXFileReference; fileEncoding = 4; lastKnownFileType = sourcecode.swift; path = TileGenerator.swift; sourceTree = "<group>"; };
		C95840C41C3EF6540093A1C5 /* Tile.swift */ = {isa = PBXFileReference; fileEncoding = 4; lastKnownFileType = sourcecode.swift; path = Tile.swift; sourceTree = "<group>"; };
		C95840C61C3EF6670093A1C5 /* ZeroTile.swift */ = {isa = PBXFileReference; fileEncoding = 4; lastKnownFileType = sourcecode.swift; path = ZeroTile.swift; sourceTree = "<group>"; };
		C95840C81C3EF6790093A1C5 /* BorderTile.swift */ = {isa = PBXFileReference; fileEncoding = 4; lastKnownFileType = sourcecode.swift; path = BorderTile.swift; sourceTree = "<group>"; };
		C95840CA1C3EF6870093A1C5 /* EmptyTile.swift */ = {isa = PBXFileReference; fileEncoding = 4; lastKnownFileType = sourcecode.swift; path = EmptyTile.swift; sourceTree = "<group>"; };
		C95840CC1C3EF6950093A1C5 /* PlaceholderTile.swift */ = {isa = PBXFileReference; fileEncoding = 4; lastKnownFileType = sourcecode.swift; path = PlaceholderTile.swift; sourceTree = "<group>"; };
		C95840CE1C3EF6A40093A1C5 /* NonEmptyTile.swift */ = {isa = PBXFileReference; fileEncoding = 4; lastKnownFileType = sourcecode.swift; path = NonEmptyTile.swift; sourceTree = "<group>"; };
		C95840D01C3EF6B20093A1C5 /* PathItem.swift */ = {isa = PBXFileReference; fileEncoding = 4; lastKnownFileType = sourcecode.swift; path = PathItem.swift; sourceTree = "<group>"; };
		C95840D21C3EF6C20093A1C5 /* Path.swift */ = {isa = PBXFileReference; fileEncoding = 4; lastKnownFileType = sourcecode.swift; path = Path.swift; sourceTree = "<group>"; };
		C95840D41C3EF6D50093A1C5 /* Field.swift */ = {isa = PBXFileReference; fileEncoding = 4; lastKnownFileType = sourcecode.swift; path = Field.swift; sourceTree = "<group>"; };
		C95840D61C3EF6E50093A1C5 /* GameError.swift */ = {isa = PBXFileReference; fileEncoding = 4; lastKnownFileType = sourcecode.swift; path = GameError.swift; sourceTree = "<group>"; };
		C95840D81C3EF6F60093A1C5 /* Game.swift */ = {isa = PBXFileReference; fileEncoding = 4; lastKnownFileType = sourcecode.swift; path = Game.swift; sourceTree = "<group>"; };
		C97F026B1C3ECB8D00574DA8 /* EntanglementModels.xcdatamodel */ = {isa = PBXFileReference; lastKnownFileType = wrapper.xcdatamodel; path = EntanglementModels.xcdatamodel; sourceTree = "<group>"; };
		C97F026D1C3ED37D00574DA8 /* LeaderboardTableViewCell.swift */ = {isa = PBXFileReference; fileEncoding = 4; lastKnownFileType = sourcecode.swift; path = LeaderboardTableViewCell.swift; sourceTree = "<group>"; };
		C98C11241C516C06009F4CBA /* pl */ = {isa = PBXFileReference; lastKnownFileType = text.plist.strings; name = pl; path = pl.lproj/Main.strings; sourceTree = "<group>"; };
		C98C11251C516C06009F4CBA /* pl */ = {isa = PBXFileReference; lastKnownFileType = text.plist.strings; name = pl; path = pl.lproj/LaunchScreen.strings; sourceTree = "<group>"; };
		C98C11291C516E19009F4CBA /* pl */ = {isa = PBXFileReference; lastKnownFileType = text.plist.strings; name = pl; path = pl.lproj/Localizable.strings; sourceTree = "<group>"; };
		C98C112B1C516E1D009F4CBA /* en */ = {isa = PBXFileReference; lastKnownFileType = text.plist.strings; name = en; path = en.lproj/Localizable.strings; sourceTree = "<group>"; };
		C9DA28B21C3970EE00CEF157 /* entanglement.app */ = {isa = PBXFileReference; explicitFileType = wrapper.application; includeInIndex = 0; path = entanglement.app; sourceTree = BUILT_PRODUCTS_DIR; };
		C9DA28B51C3970EE00CEF157 /* AppDelegate.swift */ = {isa = PBXFileReference; lastKnownFileType = sourcecode.swift; path = AppDelegate.swift; sourceTree = "<group>"; };
		C9DA28BB1C3970EE00CEF157 /* GameViewController.swift */ = {isa = PBXFileReference; lastKnownFileType = sourcecode.swift; path = GameViewController.swift; sourceTree = "<group>"; };
		C9DA28BE1C3970EE00CEF157 /* Base */ = {isa = PBXFileReference; lastKnownFileType = file.storyboard; name = Base; path = Base.lproj/Main.storyboard; sourceTree = "<group>"; };
		C9DA28C01C3970EE00CEF157 /* Assets.xcassets */ = {isa = PBXFileReference; lastKnownFileType = folder.assetcatalog; path = Assets.xcassets; sourceTree = "<group>"; };
		C9DA28C31C3970EE00CEF157 /* Base */ = {isa = PBXFileReference; lastKnownFileType = file.storyboard; name = Base; path = Base.lproj/LaunchScreen.storyboard; sourceTree = "<group>"; };
		C9DA28C51C3970EE00CEF157 /* Info.plist */ = {isa = PBXFileReference; lastKnownFileType = text.plist.xml; path = Info.plist; sourceTree = "<group>"; };
		D7019394D61A1B9F88209D0E /* Pods.release.xcconfig */ = {isa = PBXFileReference; includeInIndex = 1; lastKnownFileType = text.xcconfig; name = Pods.release.xcconfig; path = "Pods/Target Support Files/Pods/Pods.release.xcconfig"; sourceTree = "<group>"; };
/* End PBXFileReference section */

/* Begin PBXFrameworksBuildPhase section */
		C9DA28AF1C3970EE00CEF157 /* Frameworks */ = {
			isa = PBXFrameworksBuildPhase;
			buildActionMask = 2147483647;
			files = (
				D6DB8DA332BC2068F7340FFB /* Pods.framework in Frameworks */,
			);
			runOnlyForDeploymentPostprocessing = 0;
		};
/* End PBXFrameworksBuildPhase section */

/* Begin PBXGroup section */
		0A61307F15A6B234BB1B701C /* Pods */ = {
			isa = PBXGroup;
			children = (
				B67D14BCB04DB7F37ADCBF96 /* Pods.debug.xcconfig */,
				D7019394D61A1B9F88209D0E /* Pods.release.xcconfig */,
			);
			name = Pods;
			sourceTree = "<group>";
		};
		5DE81F63FB36B769CBE82993 /* Frameworks */ = {
			isa = PBXGroup;
			children = (
				37E0A8440C74125500446CEC /* Pods.framework */,
			);
			name = Frameworks;
			sourceTree = "<group>";
		};
		C95840B91C3EF58E0093A1C5 /* UI */ = {
			isa = PBXGroup;
			children = (
				C9DA28BB1C3970EE00CEF157 /* GameViewController.swift */,
				C9364B6F1C3C185600A928CC /* HomeViewController.swift */,
				C97F026D1C3ED37D00574DA8 /* LeaderboardTableViewCell.swift */,
			);
			name = UI;
			sourceTree = "<group>";
		};
		C95840BA1C3EF5940093A1C5 /* Renderer */ = {
			isa = PBXGroup;
			children = (
				C95840BC1C3EF5BB0093A1C5 /* RenderingParams.swift */,
				C95840C01C3EF6020093A1C5 /* GameRenderer.swift */,
				C95840C21C3EF6210093A1C5 /* TileGenerator.swift */,
			);
			name = Renderer;
			sourceTree = "<group>";
		};
		C95840BB1C3EF5A00093A1C5 /* Logic */ = {
			isa = PBXGroup;
			children = (
				C95840BE1C3EF5D70093A1C5 /* TileParams.swift */,
				C95840C41C3EF6540093A1C5 /* Tile.swift */,
				C95840C61C3EF6670093A1C5 /* ZeroTile.swift */,
				C95840C81C3EF6790093A1C5 /* BorderTile.swift */,
				C95840CA1C3EF6870093A1C5 /* EmptyTile.swift */,
				C95840CC1C3EF6950093A1C5 /* PlaceholderTile.swift */,
				C95840CE1C3EF6A40093A1C5 /* NonEmptyTile.swift */,
				C95840D01C3EF6B20093A1C5 /* PathItem.swift */,
				C95840D21C3EF6C20093A1C5 /* Path.swift */,
				C95840D41C3EF6D50093A1C5 /* Field.swift */,
				C95840D61C3EF6E50093A1C5 /* GameError.swift */,
				C95840D81C3EF6F60093A1C5 /* Game.swift */,
			);
			name = Logic;
			sourceTree = "<group>";
		};
		C9DA28A91C3970EE00CEF157 = {
			isa = PBXGroup;
			children = (
				C98C112A1C516E19009F4CBA /* Localizable.strings */,
				C9DA28B41C3970EE00CEF157 /* entanglement */,
				C9DA28B31C3970EE00CEF157 /* Products */,
				0A61307F15A6B234BB1B701C /* Pods */,
				5DE81F63FB36B769CBE82993 /* Frameworks */,
			);
			sourceTree = "<group>";
		};
		C9DA28B31C3970EE00CEF157 /* Products */ = {
			isa = PBXGroup;
			children = (
				C9DA28B21C3970EE00CEF157 /* entanglement.app */,
			);
			name = Products;
			sourceTree = "<group>";
		};
		C9DA28B41C3970EE00CEF157 /* entanglement */ = {
			isa = PBXGroup;
			children = (
				C95840BB1C3EF5A00093A1C5 /* Logic */,
				C95840BA1C3EF5940093A1C5 /* Renderer */,
				C95840B91C3EF58E0093A1C5 /* UI */,
				C9DA28B51C3970EE00CEF157 /* AppDelegate.swift */,
				C9DA28BD1C3970EE00CEF157 /* Main.storyboard */,
				C9DA28C01C3970EE00CEF157 /* Assets.xcassets */,
				C9DA28C21C3970EE00CEF157 /* LaunchScreen.storyboard */,
				C9DA28C51C3970EE00CEF157 /* Info.plist */,
				C97F026A1C3ECB8D00574DA8 /* EntanglementModels.xcdatamodeld */,
			);
			name = entanglement;
			path = entanglement1;
			sourceTree = "<group>";
		};
/* End PBXGroup section */

/* Begin PBXNativeTarget section */
		C9DA28B11C3970EE00CEF157 /* entanglement */ = {
			isa = PBXNativeTarget;
			buildConfigurationList = C9DA28C81C3970EE00CEF157 /* Build configuration list for PBXNativeTarget "entanglement" */;
			buildPhases = (
				0431FBDC2B5C02206A996631 /* Check Pods Manifest.lock */,
				C9DA28AE1C3970EE00CEF157 /* Sources */,
				C9DA28AF1C3970EE00CEF157 /* Frameworks */,
				C9DA28B01C3970EE00CEF157 /* Resources */,
				4742DAD32FB0F191C83C3D4A /* Embed Pods Frameworks */,
				25BBD42F219FFF0A2FD02E01 /* Copy Pods Resources */,
			);
			buildRules = (
			);
			dependencies = (
			);
			name = entanglement;
			productName = entanglement1;
			productReference = C9DA28B21C3970EE00CEF157 /* entanglement.app */;
			productType = "com.apple.product-type.application";
		};
/* End PBXNativeTarget section */

/* Begin PBXProject section */
		C9DA28AA1C3970EE00CEF157 /* Project object */ = {
			isa = PBXProject;
			attributes = {
				LastSwiftUpdateCheck = 0720;
				LastUpgradeCheck = 0720;
				ORGANIZATIONNAME = "Artem Szubowicz";
				TargetAttributes = {
					C9DA28B11C3970EE00CEF157 = {
						CreatedOnToolsVersion = 7.2;
						DevelopmentTeam = 785WBPW3NL;
					};
				};
			};
			buildConfigurationList = C9DA28AD1C3970EE00CEF157 /* Build configuration list for PBXProject "entanglement" */;
			compatibilityVersion = "Xcode 3.2";
			developmentRegion = English;
			hasScannedForEncodings = 0;
			knownRegions = (
				en,
				Base,
			);
			mainGroup = C9DA28A91C3970EE00CEF157;
			productRefGroup = C9DA28B31C3970EE00CEF157 /* Products */;
			projectDirPath = "";
			projectRoot = "";
			targets = (
				C9DA28B11C3970EE00CEF157 /* entanglement */,
			);
		};
/* End PBXProject section */

/* Begin PBXResourcesBuildPhase section */
		C9DA28B01C3970EE00CEF157 /* Resources */ = {
			isa = PBXResourcesBuildPhase;
			buildActionMask = 2147483647;
			files = (
				C9DA28C41C3970EE00CEF157 /* LaunchScreen.storyboard in Resources */,
				C98C11281C516E19009F4CBA /* Localizable.strings in Resources */,
				C9DA28C11C3970EE00CEF157 /* Assets.xcassets in Resources */,
				C9DA28BF1C3970EE00CEF157 /* Main.storyboard in Resources */,
			);
			runOnlyForDeploymentPostprocessing = 0;
		};
/* End PBXResourcesBuildPhase section */

/* Begin PBXShellScriptBuildPhase section */
		0431FBDC2B5C02206A996631 /* Check Pods Manifest.lock */ = {
			isa = PBXShellScriptBuildPhase;
			buildActionMask = 2147483647;
			files = (
			);
			inputPaths = (
			);
			name = "Check Pods Manifest.lock";
			outputPaths = (
			);
			runOnlyForDeploymentPostprocessing = 0;
			shellPath = /bin/sh;
			shellScript = "diff \"${PODS_ROOT}/../Podfile.lock\" \"${PODS_ROOT}/Manifest.lock\" > /dev/null\nif [[ $? != 0 ]] ; then\n    cat << EOM\nerror: The sandbox is not in sync with the Podfile.lock. Run 'pod install' or update your CocoaPods installation.\nEOM\n    exit 1\nfi\n";
			showEnvVarsInLog = 0;
		};
		25BBD42F219FFF0A2FD02E01 /* Copy Pods Resources */ = {
			isa = PBXShellScriptBuildPhase;
			buildActionMask = 2147483647;
			files = (
			);
			inputPaths = (
			);
			name = "Copy Pods Resources";
			outputPaths = (
			);
			runOnlyForDeploymentPostprocessing = 0;
			shellPath = /bin/sh;
			shellScript = "\"${SRCROOT}/Pods/Target Support Files/Pods/Pods-resources.sh\"\n";
			showEnvVarsInLog = 0;
		};
		4742DAD32FB0F191C83C3D4A /* Embed Pods Frameworks */ = {
			isa = PBXShellScriptBuildPhase;
			buildActionMask = 2147483647;
			files = (
			);
			inputPaths = (
			);
			name = "Embed Pods Frameworks";
			outputPaths = (
			);
			runOnlyForDeploymentPostprocessing = 0;
			shellPath = /bin/sh;
			shellScript = "\"${SRCROOT}/Pods/Target Support Files/Pods/Pods-frameworks.sh\"\n";
			showEnvVarsInLog = 0;
		};
/* End PBXShellScriptBuildPhase section */

/* Begin PBXSourcesBuildPhase section */
		C9DA28AE1C3970EE00CEF157 /* Sources */ = {
			isa = PBXSourcesBuildPhase;
			buildActionMask = 2147483647;
			files = (
				C97F026C1C3ECB8D00574DA8 /* EntanglementModels.xcdatamodeld in Sources */,
				C95840C91C3EF6790093A1C5 /* BorderTile.swift in Sources */,
				C9364B701C3C185600A928CC /* HomeViewController.swift in Sources */,
				C95840BD1C3EF5BB0093A1C5 /* RenderingParams.swift in Sources */,
				C9DA28BC1C3970EE00CEF157 /* GameViewController.swift in Sources */,
				C95840D11C3EF6B20093A1C5 /* PathItem.swift in Sources */,
				C95840CF1C3EF6A40093A1C5 /* NonEmptyTile.swift in Sources */,
				C9DA28B61C3970EE00CEF157 /* AppDelegate.swift in Sources */,
				C95840CB1C3EF6870093A1C5 /* EmptyTile.swift in Sources */,
				C95840D71C3EF6E50093A1C5 /* GameError.swift in Sources */,
				C95840D51C3EF6D50093A1C5 /* Field.swift in Sources */,
				C95840BF1C3EF5D70093A1C5 /* TileParams.swift in Sources */,
				C95840C31C3EF6210093A1C5 /* TileGenerator.swift in Sources */,
				C95840CD1C3EF6950093A1C5 /* PlaceholderTile.swift in Sources */,
				C95840C11C3EF6020093A1C5 /* GameRenderer.swift in Sources */,
				C95840D91C3EF6F60093A1C5 /* Game.swift in Sources */,
				C95840C51C3EF6540093A1C5 /* Tile.swift in Sources */,
				C97F026E1C3ED37D00574DA8 /* LeaderboardTableViewCell.swift in Sources */,
				C95840D31C3EF6C20093A1C5 /* Path.swift in Sources */,
				C95840C71C3EF6670093A1C5 /* ZeroTile.swift in Sources */,
			);
			runOnlyForDeploymentPostprocessing = 0;
		};
/* End PBXSourcesBuildPhase section */

/* Begin PBXVariantGroup section */
		C98C112A1C516E19009F4CBA /* Localizable.strings */ = {
			isa = PBXVariantGroup;
			children = (
				C98C11291C516E19009F4CBA /* pl */,
				C98C112B1C516E1D009F4CBA /* en */,
			);
			name = Localizable.strings;
			sourceTree = "<group>";
		};
		C9DA28BD1C3970EE00CEF157 /* Main.storyboard */ = {
			isa = PBXVariantGroup;
			children = (
				C9DA28BE1C3970EE00CEF157 /* Base */,
				C98C11241C516C06009F4CBA /* pl */,
			);
			name = Main.storyboard;
			sourceTree = "<group>";
		};
		C9DA28C21C3970EE00CEF157 /* LaunchScreen.storyboard */ = {
			isa = PBXVariantGroup;
			children = (
				C9DA28C31C3970EE00CEF157 /* Base */,
				C98C11251C516C06009F4CBA /* pl */,
			);
			name = LaunchScreen.storyboard;
			sourceTree = "<group>";
		};
/* End PBXVariantGroup section */

/* Begin XCBuildConfiguration section */
		C9DA28C61C3970EE00CEF157 /* Debug */ = {
			isa = XCBuildConfiguration;
			buildSettings = {
				ALWAYS_SEARCH_USER_PATHS = NO;
				CLANG_CXX_LANGUAGE_STANDARD = "gnu++0x";
				CLANG_CXX_LIBRARY = "libc++";
				CLANG_ENABLE_MODULES = YES;
				CLANG_ENABLE_OBJC_ARC = YES;
				CLANG_WARN_BOOL_CONVERSION = YES;
				CLANG_WARN_CONSTANT_CONVERSION = YES;
				CLANG_WARN_DIRECT_OBJC_ISA_USAGE = YES_ERROR;
				CLANG_WARN_EMPTY_BODY = YES;
				CLANG_WARN_ENUM_CONVERSION = YES;
				CLANG_WARN_INT_CONVERSION = YES;
				CLANG_WARN_OBJC_ROOT_CLASS = YES_ERROR;
				CLANG_WARN_UNREACHABLE_CODE = YES;
				CLANG_WARN__DUPLICATE_METHOD_MATCH = YES;
				"CODE_SIGN_IDENTITY[sdk=iphoneos*]" = "iPhone Developer";
				COPY_PHASE_STRIP = NO;
				DEBUG_INFORMATION_FORMAT = "dwarf-with-dsym";
				ENABLE_STRICT_OBJC_MSGSEND = YES;
				ENABLE_TESTABILITY = YES;
				GCC_C_LANGUAGE_STANDARD = gnu99;
				GCC_DYNAMIC_NO_PIC = NO;
				GCC_NO_COMMON_BLOCKS = YES;
				GCC_OPTIMIZATION_LEVEL = 0;
				GCC_PREPROCESSOR_DEFINITIONS = (
					"DEBUG=1",
					"$(inherited)",
				);
				GCC_WARN_64_TO_32_BIT_CONVERSION = YES;
				GCC_WARN_ABOUT_RETURN_TYPE = YES_ERROR;
				GCC_WARN_UNDECLARED_SELECTOR = YES;
				GCC_WARN_UNINITIALIZED_AUTOS = YES_AGGRESSIVE;
				GCC_WARN_UNUSED_FUNCTION = YES;
				GCC_WARN_UNUSED_VARIABLE = YES;
				IPHONEOS_DEPLOYMENT_TARGET = 9.2;
				MTL_ENABLE_DEBUG_INFO = YES;
				ONLY_ACTIVE_ARCH = YES;
				SDKROOT = iphoneos;
				SWIFT_OPTIMIZATION_LEVEL = "-Onone";
				TARGETED_DEVICE_FAMILY = "1,2";
			};
			name = Debug;
		};
		C9DA28C71C3970EE00CEF157 /* Release */ = {
			isa = XCBuildConfiguration;
			buildSettings = {
				ALWAYS_SEARCH_USER_PATHS = NO;
				CLANG_CXX_LANGUAGE_STANDARD = "gnu++0x";
				CLANG_CXX_LIBRARY = "libc++";
				CLANG_ENABLE_MODULES = YES;
				CLANG_ENABLE_OBJC_ARC = YES;
				CLANG_WARN_BOOL_CONVERSION = YES;
				CLANG_WARN_CONSTANT_CONVERSION = YES;
				CLANG_WARN_DIRECT_OBJC_ISA_USAGE = YES_ERROR;
				CLANG_WARN_EMPTY_BODY = YES;
				CLANG_WARN_ENUM_CONVERSION = YES;
				CLANG_WARN_INT_CONVERSION = YES;
				CLANG_WARN_OBJC_ROOT_CLASS = YES_ERROR;
				CLANG_WARN_UNREACHABLE_CODE = YES;
				CLANG_WARN__DUPLICATE_METHOD_MATCH = YES;
				"CODE_SIGN_IDENTITY[sdk=iphoneos*]" = "iPhone Developer";
				COPY_PHASE_STRIP = NO;
				DEBUG_INFORMATION_FORMAT = "dwarf-with-dsym";
				ENABLE_NS_ASSERTIONS = NO;
				ENABLE_STRICT_OBJC_MSGSEND = YES;
				GCC_C_LANGUAGE_STANDARD = gnu99;
				GCC_NO_COMMON_BLOCKS = YES;
				GCC_WARN_64_TO_32_BIT_CONVERSION = YES;
				GCC_WARN_ABOUT_RETURN_TYPE = YES_ERROR;
				GCC_WARN_UNDECLARED_SELECTOR = YES;
				GCC_WARN_UNINITIALIZED_AUTOS = YES_AGGRESSIVE;
				GCC_WARN_UNUSED_FUNCTION = YES;
				GCC_WARN_UNUSED_VARIABLE = YES;
				IPHONEOS_DEPLOYMENT_TARGET = 9.2;
				MTL_ENABLE_DEBUG_INFO = NO;
				SDKROOT = iphoneos;
				TARGETED_DEVICE_FAMILY = "1,2";
				VALIDATE_PRODUCT = YES;
			};
			name = Release;
		};
		C9DA28C91C3970EE00CEF157 /* Debug */ = {
			isa = XCBuildConfiguration;
			baseConfigurationReference = B67D14BCB04DB7F37ADCBF96 /* Pods.debug.xcconfig */;
			buildSettings = {
				ASSETCATALOG_COMPILER_APPICON_NAME = AppIcon;
				INFOPLIST_FILE = entanglement1/Info.plist;
				LD_RUNPATH_SEARCH_PATHS = "$(inherited) @executable_path/Frameworks";
				PRODUCT_BUNDLE_IDENTIFIER = uj.edu.pl.entanglement;
				PRODUCT_NAME = entanglement;
			};
			name = Debug;
		};
		C9DA28CA1C3970EE00CEF157 /* Release */ = {
			isa = XCBuildConfiguration;
			baseConfigurationReference = D7019394D61A1B9F88209D0E /* Pods.release.xcconfig */;
			buildSettings = {
				ASSETCATALOG_COMPILER_APPICON_NAME = AppIcon;
				INFOPLIST_FILE = entanglement1/Info.plist;
				LD_RUNPATH_SEARCH_PATHS = "$(inherited) @executable_path/Frameworks";
				PRODUCT_BUNDLE_IDENTIFIER = uj.edu.pl.entanglement;
				PRODUCT_NAME = entanglement;
			};
			name = Release;
		};
/* End XCBuildConfiguration section */

/* Begin XCConfigurationList section */
		C9DA28AD1C3970EE00CEF157 /* Build configuration list for PBXProject "entanglement" */ = {
			isa = XCConfigurationList;
			buildConfigurations = (
				C9DA28C61C3970EE00CEF157 /* Debug */,
				C9DA28C71C3970EE00CEF157 /* Release */,
			);
			defaultConfigurationIsVisible = 0;
			defaultConfigurationName = Release;
		};
		C9DA28C81C3970EE00CEF157 /* Build configuration list for PBXNativeTarget "entanglement" */ = {
			isa = XCConfigurationList;
			buildConfigurations = (
				C9DA28C91C3970EE00CEF157 /* Debug */,
				C9DA28CA1C3970EE00CEF157 /* Release */,
			);
			defaultConfigurationIsVisible = 0;
			defaultConfigurationName = Release;
		};
/* End XCConfigurationList section */

/* Begin XCVersionGroup section */
		C97F026A1C3ECB8D00574DA8 /* EntanglementModels.xcdatamodeld */ = {
			isa = XCVersionGroup;
			children = (
				C97F026B1C3ECB8D00574DA8 /* EntanglementModels.xcdatamodel */,
			);
			currentVersion = C97F026B1C3ECB8D00574DA8 /* EntanglementModels.xcdatamodel */;
			path = EntanglementModels.xcdatamodeld;
			sourceTree = "<group>";
			versionGroupType = wrapper.xcdatamodel;
		};
/* End XCVersionGroup section */
	};
	rootObject = C9DA28AA1C3970EE00CEF157 /* Project object */;
}
